
Microsoft Visual Studio Solution File, Format Version 12.00
# Visual Studio 15
VisualStudioVersion = 15.0.27703.2026
MinimumVisualStudioVersion = 10.0.40219.1
Project("{FAE04EC0-301F-11D3-BF4B-00C04F79EFBC}") = "Selection_Refactor", "Selection_Refactor\Selection_Refactor.csproj", "{5F1B9EE9-69A3-4D0E-8475-3700F4CAADC9}"
EndProject
Project("{FAE04EC0-301F-11D3-BF4B-00C04F79EFBC}") = "Selection_Refactor.Tests", "Selection_Refactor.Tests\Selection_Refactor.Tests.csproj", "{8E8F0DDE-E36C-4182-B495-6B0455103B6B}"
EndProject
Global
	GlobalSection(SolutionConfigurationPlatforms) = preSolution
		Debug|Any CPU = Debug|Any CPU
		Release|Any CPU = Release|Any CPU
	EndGlobalSection
	GlobalSection(ProjectConfigurationPlatforms) = postSolution
		{5F1B9EE9-69A3-4D0E-8475-3700F4CAADC9}.Debug|Any CPU.ActiveCfg = Debug|Any CPU
		{5F1B9EE9-69A3-4D0E-8475-3700F4CAADC9}.Debug|Any CPU.Build.0 = Debug|Any CPU
		{5F1B9EE9-69A3-4D0E-8475-3700F4CAADC9}.Release|Any CPU.ActiveCfg = Release|Any CPU
		{5F1B9EE9-69A3-4D0E-8475-3700F4CAADC9}.Release|Any CPU.Build.0 = Release|Any CPU
		{8E8F0DDE-E36C-4182-B495-6B0455103B6B}.Debug|Any CPU.ActiveCfg = Debug|Any CPU
		{8E8F0DDE-E36C-4182-B495-6B0455103B6B}.Debug|Any CPU.Build.0 = Debug|Any CPU
		{8E8F0DDE-E36C-4182-B495-6B0455103B6B}.Release|Any CPU.ActiveCfg = Release|Any CPU
		{8E8F0DDE-E36C-4182-B495-6B0455103B6B}.Release|Any CPU.Build.0 = Release|Any CPU
	EndGlobalSection
	GlobalSection(SolutionProperties) = preSolution
		HideSolutionNode = FALSE
	EndGlobalSection
	GlobalSection(ExtensibilityGlobals) = postSolution
		SolutionGuid = {39E0E9DD-67E8-4AF9-8403-0B9D131B1D16}
	EndGlobalSection
EndGlobal
